
Microsoft Visual Studio Solution File, Format Version 12.00
# Visual Studio Version 17
VisualStudioVersion = 17.9.34310.174
MinimumVisualStudioVersion = 10.0.40219.1
Project("{9A19103F-16F7-4668-BE54-9A1E7A4F7556}") = "MindMap", "MindMap.csproj", "{EEF9B46B-C5A0-4BE9-8F82-7A3952C5C22D}"
EndProject
Global
	GlobalSection(SolutionConfigurationPlatforms) = preSolution
		Debug|Any CPU = Debug|Any CPU
		Release|Any CPU = Release|Any CPU
	EndGlobalSection
	GlobalSection(ProjectConfigurationPlatforms) = postSolution
		{EEF9B46B-C5A0-4BE9-8F82-7A3952C5C22D}.Debug|Any CPU.ActiveCfg = Debug|Any CPU
		{EEF9B46B-C5A0-4BE9-8F82-7A3952C5C22D}.Debug|Any CPU.Build.0 = Debug|Any CPU
		{EEF9B46B-C5A0-4BE9-8F82-7A3952C5C22D}.Release|Any CPU.ActiveCfg = Release|Any CPU
		{EEF9B46B-C5A0-4BE9-8F82-7A3952C5C22D}.Release|Any CPU.Build.0 = Release|Any CPU
	EndGlobalSection
	GlobalSection(SolutionProperties) = preSolution
		HideSolutionNode = FALSE
	EndGlobalSection
	GlobalSection(ExtensibilityGlobals) = postSolution
		SolutionGuid = {1C173343-3073-493C-A0B0-F656950C0820}
	EndGlobalSection
EndGlobal
