
Microsoft Visual Studio Solution File, Format Version 12.00
# Visual Studio Version 17
VisualStudioVersion = 17.9.34310.174
MinimumVisualStudioVersion = 10.0.40219.1
Project("{9A19103F-16F7-4668-BE54-9A1E7A4F7556}") = "MindMap", "MindMap\MindMap.csproj", "{D3942ED0-CDFC-47EA-95F1-B6C4F6BBE51D}"
EndProject
Project("{9A19103F-16F7-4668-BE54-9A1E7A4F7556}") = "MindMap.Client", "MindMap.Client\MindMap.Client.csproj", "{C63FD885-D84A-4874-AEEE-DFCCD86F61CA}"
EndProject
Project("{9A19103F-16F7-4668-BE54-9A1E7A4F7556}") = "BlazorWasmCommon_NET8", "..\common\BlazorWasmCommon_NET8.csproj", "{EC4F09AB-66F3-4D44-8D0E-70AA8A893247}"
EndProject
Global
	GlobalSection(SolutionConfigurationPlatforms) = preSolution
		Debug|Any CPU = Debug|Any CPU
		Release|Any CPU = Release|Any CPU
	EndGlobalSection
	GlobalSection(ProjectConfigurationPlatforms) = postSolution
		{D3942ED0-CDFC-47EA-95F1-B6C4F6BBE51D}.Debug|Any CPU.ActiveCfg = Debug|Any CPU
		{D3942ED0-CDFC-47EA-95F1-B6C4F6BBE51D}.Debug|Any CPU.Build.0 = Debug|Any CPU
		{D3942ED0-CDFC-47EA-95F1-B6C4F6BBE51D}.Release|Any CPU.ActiveCfg = Release|Any CPU
		{D3942ED0-CDFC-47EA-95F1-B6C4F6BBE51D}.Release|Any CPU.Build.0 = Release|Any CPU
		{C63FD885-D84A-4874-AEEE-DFCCD86F61CA}.Debug|Any CPU.ActiveCfg = Debug|Any CPU
		{C63FD885-D84A-4874-AEEE-DFCCD86F61CA}.Debug|Any CPU.Build.0 = Debug|Any CPU
		{C63FD885-D84A-4874-AEEE-DFCCD86F61CA}.Release|Any CPU.ActiveCfg = Release|Any CPU
		{C63FD885-D84A-4874-AEEE-DFCCD86F61CA}.Release|Any CPU.Build.0 = Release|Any CPU
		{EC4F09AB-66F3-4D44-8D0E-70AA8A893247}.Debug|Any CPU.ActiveCfg = Debug|Any CPU
		{EC4F09AB-66F3-4D44-8D0E-70AA8A893247}.Debug|Any CPU.Build.0 = Debug|Any CPU
		{EC4F09AB-66F3-4D44-8D0E-70AA8A893247}.Release|Any CPU.ActiveCfg = Release|Any CPU
		{EC4F09AB-66F3-4D44-8D0E-70AA8A893247}.Release|Any CPU.Build.0 = Release|Any CPU
	EndGlobalSection
	GlobalSection(SolutionProperties) = preSolution
		HideSolutionNode = FALSE
	EndGlobalSection
	GlobalSection(ExtensibilityGlobals) = postSolution
		SolutionGuid = {AFAA823E-5705-4170-9524-B1A35794B54F}
	EndGlobalSection
EndGlobal
