
Microsoft Visual Studio Solution File, Format Version 12.00
# Visual Studio Version 17
VisualStudioVersion = 17.4.33205.214
MinimumVisualStudioVersion = 10.0.40219.1
Project("{9A19103F-16F7-4668-BE54-9A1E7A4F7556}") = "MindMap", "MindMap.csproj", "{D648FDAE-508A-4B06-B77C-E185E0AF5075}"
EndProject
Project("{9A19103F-16F7-4668-BE54-9A1E7A4F7556}") = "BlazorServerCommon_NET6", "..\..\common\BlazorServerCommon_NET6.csproj", "{45E7EFE9-EF18-418D-BB43-50B1AD87A617}"
EndProject
Global
	GlobalSection(SolutionConfigurationPlatforms) = preSolution
		Debug|Any CPU = Debug|Any CPU
		Release|Any CPU = Release|Any CPU
	EndGlobalSection
	GlobalSection(ProjectConfigurationPlatforms) = postSolution
		{D648FDAE-508A-4B06-B77C-E185E0AF5075}.Debug|Any CPU.ActiveCfg = Debug|Any CPU
		{D648FDAE-508A-4B06-B77C-E185E0AF5075}.Debug|Any CPU.Build.0 = Debug|Any CPU
		{D648FDAE-508A-4B06-B77C-E185E0AF5075}.Release|Any CPU.ActiveCfg = Release|Any CPU
		{D648FDAE-508A-4B06-B77C-E185E0AF5075}.Release|Any CPU.Build.0 = Release|Any CPU
		{45E7EFE9-EF18-418D-BB43-50B1AD87A617}.Debug|Any CPU.ActiveCfg = Debug|Any CPU
		{45E7EFE9-EF18-418D-BB43-50B1AD87A617}.Debug|Any CPU.Build.0 = Debug|Any CPU
		{45E7EFE9-EF18-418D-BB43-50B1AD87A617}.Release|Any CPU.ActiveCfg = Release|Any CPU
		{45E7EFE9-EF18-418D-BB43-50B1AD87A617}.Release|Any CPU.Build.0 = Release|Any CPU
	EndGlobalSection
	GlobalSection(SolutionProperties) = preSolution
		HideSolutionNode = FALSE
	EndGlobalSection
	GlobalSection(ExtensibilityGlobals) = postSolution
		SolutionGuid = {66933EED-346A-453F-8802-9785F777D2A9}
	EndGlobalSection
EndGlobal
